
Microsoft Visual Studio Solution File, Format Version 12.00
# Visual Studio Version 16
VisualStudioVersion = 16.0.29306.81
MinimumVisualStudioVersion = 10.0.40219.1
Project("{FAE04EC0-301F-11D3-BF4B-00C04F79EFBC}") = "CarFactoryView", "CarFactoryView\CarFactoryView.csproj", "{B5D1EAAF-867E-4FD7-9BAD-AE3EC39A79BC}"
EndProject
Project("{9A19103F-16F7-4668-BE54-9A1E7A4F7556}") = "CarFactoryBusinessLogic", "CarFactoryBuisinessLogic\CarFactoryBusinessLogic.csproj", "{0D8BDAE1-FE2D-4CC5-9D43-BB4274F8F587}"
EndProject
Project("{9A19103F-16F7-4668-BE54-9A1E7A4F7556}") = "CarFactoryListImplement", "CarFactoryListImplement\CarFactoryListImplement.csproj", "{6F2F22D6-C598-4358-950D-32B3F45C4456}"
EndProject
Global
	GlobalSection(SolutionConfigurationPlatforms) = preSolution
		Debug|Any CPU = Debug|Any CPU
		Release|Any CPU = Release|Any CPU
	EndGlobalSection
	GlobalSection(ProjectConfigurationPlatforms) = postSolution
		{B5D1EAAF-867E-4FD7-9BAD-AE3EC39A79BC}.Debug|Any CPU.ActiveCfg = Debug|Any CPU
		{B5D1EAAF-867E-4FD7-9BAD-AE3EC39A79BC}.Debug|Any CPU.Build.0 = Debug|Any CPU
		{B5D1EAAF-867E-4FD7-9BAD-AE3EC39A79BC}.Release|Any CPU.ActiveCfg = Release|Any CPU
		{B5D1EAAF-867E-4FD7-9BAD-AE3EC39A79BC}.Release|Any CPU.Build.0 = Release|Any CPU
		{0D8BDAE1-FE2D-4CC5-9D43-BB4274F8F587}.Debug|Any CPU.ActiveCfg = Debug|Any CPU
		{0D8BDAE1-FE2D-4CC5-9D43-BB4274F8F587}.Debug|Any CPU.Build.0 = Debug|Any CPU
		{0D8BDAE1-FE2D-4CC5-9D43-BB4274F8F587}.Release|Any CPU.ActiveCfg = Release|Any CPU
		{0D8BDAE1-FE2D-4CC5-9D43-BB4274F8F587}.Release|Any CPU.Build.0 = Release|Any CPU
		{6F2F22D6-C598-4358-950D-32B3F45C4456}.Debug|Any CPU.ActiveCfg = Debug|Any CPU
		{6F2F22D6-C598-4358-950D-32B3F45C4456}.Debug|Any CPU.Build.0 = Debug|Any CPU
		{6F2F22D6-C598-4358-950D-32B3F45C4456}.Release|Any CPU.ActiveCfg = Release|Any CPU
		{6F2F22D6-C598-4358-950D-32B3F45C4456}.Release|Any CPU.Build.0 = Release|Any CPU
	EndGlobalSection
	GlobalSection(SolutionProperties) = preSolution
		HideSolutionNode = FALSE
	EndGlobalSection
	GlobalSection(ExtensibilityGlobals) = postSolution
		SolutionGuid = {139966CE-7B24-4E32-9F5A-02A62B6E0761}
	EndGlobalSection
EndGlobal
