
Microsoft Visual Studio Solution File, Format Version 12.00
# Visual Studio Version 16
VisualStudioVersion = 16.0.29306.81
MinimumVisualStudioVersion = 10.0.40219.1
Project("{FAE04EC0-301F-11D3-BF4B-00C04F79EFBC}") = "CarFactoryView", "CarFactoryView\CarFactoryView.csproj", "{B5D1EAAF-867E-4FD7-9BAD-AE3EC39A79BC}"
EndProject
Project("{9A19103F-16F7-4668-BE54-9A1E7A4F7556}") = "CarFactoryBusinessLogic", "CarFactoryBuisinessLogic\CarFactoryBusinessLogic.csproj", "{0D8BDAE1-FE2D-4CC5-9D43-BB4274F8F587}"
EndProject
Project("{9A19103F-16F7-4668-BE54-9A1E7A4F7556}") = "CarFactoryListImplement", "CarFactoryListImplement\CarFactoryListImplement.csproj", "{6F2F22D6-C598-4358-950D-32B3F45C4456}"
EndProject
Project("{9A19103F-16F7-4668-BE54-9A1E7A4F7556}") = "CarFactoryFileImplement", "CarFactoryFileImplement\CarFactoryFileImplement.csproj", "{40FA0BF9-BB8A-4489-A7D7-1028279797E9}"
EndProject
Project("{9A19103F-16F7-4668-BE54-9A1E7A4F7556}") = "CarFactoryDatabaseImplement", "CarFactoryDatabaseImplement\CarFactoryDatabaseImplement.csproj", "{57F8CEFE-284D-4205-91F3-84E42533AECC}"
EndProject
Project("{FAE04EC0-301F-11D3-BF4B-00C04F79EFBC}") = "CarFactoryRestApi", "CarFactoryRestApi\CarFactoryRestApi.csproj", "{B161398D-1E1A-4349-96F9-75298F71FD2D}"
EndProject
Project("{FAE04EC0-301F-11D3-BF4B-00C04F79EFBC}") = "CarFactoryClientApp", "CarFactoryClientApp\CarFactoryClientApp.csproj", "{BE6576E6-1BFB-4A8E-96CC-93C21B989E88}"
EndProject
Global
	GlobalSection(SolutionConfigurationPlatforms) = preSolution
		Debug|Any CPU = Debug|Any CPU
		Release|Any CPU = Release|Any CPU
	EndGlobalSection
	GlobalSection(ProjectConfigurationPlatforms) = postSolution
		{B5D1EAAF-867E-4FD7-9BAD-AE3EC39A79BC}.Debug|Any CPU.ActiveCfg = Debug|Any CPU
		{B5D1EAAF-867E-4FD7-9BAD-AE3EC39A79BC}.Debug|Any CPU.Build.0 = Debug|Any CPU
		{B5D1EAAF-867E-4FD7-9BAD-AE3EC39A79BC}.Release|Any CPU.ActiveCfg = Release|Any CPU
		{B5D1EAAF-867E-4FD7-9BAD-AE3EC39A79BC}.Release|Any CPU.Build.0 = Release|Any CPU
		{0D8BDAE1-FE2D-4CC5-9D43-BB4274F8F587}.Debug|Any CPU.ActiveCfg = Debug|Any CPU
		{0D8BDAE1-FE2D-4CC5-9D43-BB4274F8F587}.Debug|Any CPU.Build.0 = Debug|Any CPU
		{0D8BDAE1-FE2D-4CC5-9D43-BB4274F8F587}.Release|Any CPU.ActiveCfg = Release|Any CPU
		{0D8BDAE1-FE2D-4CC5-9D43-BB4274F8F587}.Release|Any CPU.Build.0 = Release|Any CPU
		{6F2F22D6-C598-4358-950D-32B3F45C4456}.Debug|Any CPU.ActiveCfg = Debug|Any CPU
		{6F2F22D6-C598-4358-950D-32B3F45C4456}.Debug|Any CPU.Build.0 = Debug|Any CPU
		{6F2F22D6-C598-4358-950D-32B3F45C4456}.Release|Any CPU.ActiveCfg = Release|Any CPU
		{6F2F22D6-C598-4358-950D-32B3F45C4456}.Release|Any CPU.Build.0 = Release|Any CPU
		{40FA0BF9-BB8A-4489-A7D7-1028279797E9}.Debug|Any CPU.ActiveCfg = Debug|Any CPU
		{40FA0BF9-BB8A-4489-A7D7-1028279797E9}.Debug|Any CPU.Build.0 = Debug|Any CPU
		{40FA0BF9-BB8A-4489-A7D7-1028279797E9}.Release|Any CPU.ActiveCfg = Release|Any CPU
		{40FA0BF9-BB8A-4489-A7D7-1028279797E9}.Release|Any CPU.Build.0 = Release|Any CPU
		{57F8CEFE-284D-4205-91F3-84E42533AECC}.Debug|Any CPU.ActiveCfg = Debug|Any CPU
		{57F8CEFE-284D-4205-91F3-84E42533AECC}.Debug|Any CPU.Build.0 = Debug|Any CPU
		{57F8CEFE-284D-4205-91F3-84E42533AECC}.Release|Any CPU.ActiveCfg = Release|Any CPU
		{57F8CEFE-284D-4205-91F3-84E42533AECC}.Release|Any CPU.Build.0 = Release|Any CPU
		{B161398D-1E1A-4349-96F9-75298F71FD2D}.Debug|Any CPU.ActiveCfg = Debug|Any CPU
		{B161398D-1E1A-4349-96F9-75298F71FD2D}.Debug|Any CPU.Build.0 = Debug|Any CPU
		{B161398D-1E1A-4349-96F9-75298F71FD2D}.Release|Any CPU.ActiveCfg = Release|Any CPU
		{B161398D-1E1A-4349-96F9-75298F71FD2D}.Release|Any CPU.Build.0 = Release|Any CPU
		{BE6576E6-1BFB-4A8E-96CC-93C21B989E88}.Debug|Any CPU.ActiveCfg = Debug|Any CPU
		{BE6576E6-1BFB-4A8E-96CC-93C21B989E88}.Debug|Any CPU.Build.0 = Debug|Any CPU
		{BE6576E6-1BFB-4A8E-96CC-93C21B989E88}.Release|Any CPU.ActiveCfg = Release|Any CPU
		{BE6576E6-1BFB-4A8E-96CC-93C21B989E88}.Release|Any CPU.Build.0 = Release|Any CPU
	EndGlobalSection
	GlobalSection(SolutionProperties) = preSolution
		HideSolutionNode = FALSE
	EndGlobalSection
	GlobalSection(ExtensibilityGlobals) = postSolution
		SolutionGuid = {139966CE-7B24-4E32-9F5A-02A62B6E0761}
	EndGlobalSection
EndGlobal
